
Microsoft Visual Studio Solution File, Format Version 12.00
# Visual Studio Version 17
VisualStudioVersion = 17.3.32728.150
MinimumVisualStudioVersion = 10.0.40219.1
Project("{FAE04EC0-301F-11D3-BF4B-00C04F79EFBC}") = "ProjeHaber", "ProjeHaber.csproj", "{875B1B1F-AE23-4DFE-84FE-2616E19B74F5}"
EndProject
Global
	GlobalSection(SolutionConfigurationPlatforms) = preSolution
		Debug|Any CPU = Debug|Any CPU
		Release|Any CPU = Release|Any CPU
	EndGlobalSection
	GlobalSection(ProjectConfigurationPlatforms) = postSolution
		{875B1B1F-AE23-4DFE-84FE-2616E19B74F5}.Debug|Any CPU.ActiveCfg = Debug|Any CPU
		{875B1B1F-AE23-4DFE-84FE-2616E19B74F5}.Debug|Any CPU.Build.0 = Debug|Any CPU
		{875B1B1F-AE23-4DFE-84FE-2616E19B74F5}.Release|Any CPU.ActiveCfg = Release|Any CPU
		{875B1B1F-AE23-4DFE-84FE-2616E19B74F5}.Release|Any CPU.Build.0 = Release|Any CPU
	EndGlobalSection
	GlobalSection(SolutionProperties) = preSolution
		HideSolutionNode = FALSE
	EndGlobalSection
	GlobalSection(ExtensibilityGlobals) = postSolution
		SolutionGuid = {9AC14748-B116-4134-AC9C-140D5CCA91C1}
	EndGlobalSection
EndGlobal
